
Microsoft Visual Studio Solution File, Format Version 12.00
# Visual Studio Version 17
VisualStudioVersion = 17.10.34928.147
MinimumVisualStudioVersion = 10.0.40219.1
Project("{9A19103F-16F7-4668-BE54-9A1E7A4F7556}") = "Domain", "Domain.csproj", "{CD7A66AB-8ADC-4F14-AD6A-A6F308874445}"
EndProject
Project("{9A19103F-16F7-4668-BE54-9A1E7A4F7556}") = "TestCalculator", "..\TestCalculator\TestCalculator.csproj", "{A9FA30A5-45A3-4832-AD01-191C6F2614E2}"
EndProject
Global
	GlobalSection(SolutionConfigurationPlatforms) = preSolution
		Debug|Any CPU = Debug|Any CPU
		Release|Any CPU = Release|Any CPU
	EndGlobalSection
	GlobalSection(ProjectConfigurationPlatforms) = postSolution
		{CD7A66AB-8ADC-4F14-AD6A-A6F308874445}.Debug|Any CPU.ActiveCfg = Debug|Any CPU
		{CD7A66AB-8ADC-4F14-AD6A-A6F308874445}.Debug|Any CPU.Build.0 = Debug|Any CPU
		{CD7A66AB-8ADC-4F14-AD6A-A6F308874445}.Release|Any CPU.ActiveCfg = Release|Any CPU
		{CD7A66AB-8ADC-4F14-AD6A-A6F308874445}.Release|Any CPU.Build.0 = Release|Any CPU
		{A9FA30A5-45A3-4832-AD01-191C6F2614E2}.Debug|Any CPU.ActiveCfg = Debug|Any CPU
		{A9FA30A5-45A3-4832-AD01-191C6F2614E2}.Debug|Any CPU.Build.0 = Debug|Any CPU
		{A9FA30A5-45A3-4832-AD01-191C6F2614E2}.Release|Any CPU.ActiveCfg = Release|Any CPU
		{A9FA30A5-45A3-4832-AD01-191C6F2614E2}.Release|Any CPU.Build.0 = Release|Any CPU
	EndGlobalSection
	GlobalSection(SolutionProperties) = preSolution
		HideSolutionNode = FALSE
	EndGlobalSection
	GlobalSection(ExtensibilityGlobals) = postSolution
		SolutionGuid = {37DDEE97-DA6A-4664-8D1E-FD235C52FCD3}
	EndGlobalSection
EndGlobal
